PackratFormat: 1.4
PackratVersion: 0.4.9.3
RVersion: 3.4.4
Repos: CRAN=https://cloud.r-project.org

Package: BH
Source: CRAN
Version: 1.66.0-1
Hash: 4cc8883584b955ed01f38f68bc03af6d

Package: Formula
Source: CRAN
Version: 1.2-3
Hash: 9772da3bc51603a19a2b75f008fd63e3

Package: GGally
Source: CRAN
Version: 1.4.0
Hash: ddfba619da7507c82edd1ad963c8dc3f
Requires: RColorBrewer, ggplot2, gtable, plyr, progress, reshape, rlang

Package: Hmisc
Source: CRAN
Version: 4.1-1
Hash: cc5979743125dccc274f1920eb9c8197
Requires: Formula, acepack, base64enc, data.table, ggplot2, gridExtra,
    gtable, htmlTable, htmltools, latticeExtra, viridis

Package: KMsurv
Source: CRAN
Version: 0.1-5
Hash: 7f4400e5d72c2fc9adc154f7635c59d0

Package: R6
Source: CRAN
Version: 2.2.2
Hash: b2366cd9d2f3851a5704b4e192b985c2

Package: RColorBrewer
Source: CRAN
Version: 1.1-2
Hash: c0d56cd15034f395874c870141870c25

Package: Rcpp
Source: CRAN
Version: 0.12.19
Hash: fdff9c3aa69adac28cd5c45cd250c9da

Package: RcppEigen
Source: CRAN
Version: 0.3.3.4.0
Hash: 2b8eb769b7afa1ba76549d4a7ba93643
Requires: Rcpp

Package: StanHeaders
Source: CRAN
Version: 2.17.2
Hash: d87db9040d8ee27d2e53dcb5069dc401

Package: acepack
Source: CRAN
Version: 1.4.1
Hash: 5ed3b04bc1fa1a934188fc6022d3ba7c

Package: assertthat
Source: CRAN
Version: 0.2.0
Hash: e8805df54c65ac96d50235c44a82615c

Package: backports
Source: CRAN
Version: 1.1.2
Hash: 5ae7b3466e529e4400951ca18c137e40

Package: base64enc
Source: CRAN
Version: 0.1-3
Hash: c590d29e555926af053055e23ee79efb

Package: bindr
Source: CRAN
Version: 0.1.1
Hash: 76578c5f543a6ecbc1365d6445f9ebf7

Package: bindrcpp
Source: CRAN
Version: 0.2.2
Hash: c2e0893c9a11a24c90a1a9f0114ca30f
Requires: Rcpp, bindr, plogr

Package: boot
Source: CRAN
Version: 1.3-20
Hash: 1d661b615b3f5c3f7d0ea02fcf658c02

Package: broom
Source: CRAN
Version: 0.5.0
Hash: 9f383b5f4632f82878222399b5fa7bbd
Requires: backports, dplyr, purrr, reshape2, stringr, tibble, tidyr

Package: checkmate
Source: CRAN
Version: 1.8.5
Hash: e1bbc5228ab3da931a099208bc95ad23
Requires: backports

Package: cli
Source: CRAN
Version: 1.0.0
Hash: f4239f89feb7ddc65821e4514e9734ae
Requires: assertthat, crayon

Package: cmprsk
Source: CRAN
Version: 2.2-7
Hash: cb2565634a63b1c86a575b3ba67f3916

Package: colorspace
Source: CRAN
Version: 1.3-2
Hash: 0bf8618b585fa98eb23414cd3ab95118

Package: covr
Source: CRAN
Version: 3.1.0
Hash: 55eaad0d3e61626cc0c8928985a849fa
Requires: crayon, digest, httr, jsonlite, rex, withr

Package: cowplot
Source: CRAN
Version: 0.9.2
Hash: 0906730256b0ac0a7ca35da4b0187e0a
Requires: ggplot2, gtable, plyr, scales

Package: crayon
Source: CRAN
Version: 1.3.4
Hash: ff2840dd9b0d563fc80377a5a45510cd

Package: curl
Source: CRAN
Version: 3.2
Hash: e3318ec2d42d15a38485bab047d114ba

Package: data.table
Source: CRAN
Version: 1.11.4
Hash: d8736a5fe41e5ebef191c43f5e22652f

Package: digest
Source: CRAN
Version: 0.6.15
Hash: 1f202ebd812ac7192be3739245746a13

Package: dplyr
Source: CRAN
Version: 0.7.6
Hash: 573a83f1ea22db0d4378ce312b2203b6
Requires: BH, R6, Rcpp, assertthat, bindrcpp, glue, magrittr,
    pkgconfig, plogr, rlang, tibble, tidyselect

Package: evaluate
Source: CRAN
Version: 0.11
Hash: 2d90e734f5c12a3473f4be8ef3c15ebb
Requires: stringr

Package: exactRankTests
Source: CRAN
Version: 0.8-29
Hash: 61121a0dd853dab44f66f4c4bba68a7c

Package: forcats
Source: CRAN
Version: 0.3.0
Hash: 770f3834b97a2c429bdecb7a5f27eb25
Requires: magrittr, rlang, tibble

Package: ggplot2
Source: CRAN
Version: 3.0.0
Hash: 8332448b76ff31472a1bf6dd31fcddb1
Requires: digest, gtable, lazyeval, plyr, reshape2, rlang, scales,
    tibble, viridisLite, withr

Package: ggpubr
Source: CRAN
Version: 0.1.7
Hash: f7cafc61e541ca6f4d1067b80a3fb19a
Requires: cowplot, dplyr, ggplot2, ggrepel, ggsci, ggsignif, gridExtra,
    magrittr, purrr, scales, tidyr

Package: ggrepel
Source: CRAN
Version: 0.8.0
Hash: 993bab3c01354e541f6c718ced72d88a
Requires: Rcpp, ggplot2, scales

Package: ggsci
Source: CRAN
Version: 2.9
Hash: d8f7c2bc9631710ee2008fa5b5ff2c80
Requires: ggplot2, scales

Package: ggsignif
Source: CRAN
Version: 0.4.0
Hash: cc1fbfa133e09c7f6bcbe85ba5fd5f81
Requires: ggplot2

Package: glue
Source: CRAN
Version: 1.3.0
Hash: 1fbde6dec830370be696eee8ef31c9e4

Package: gridExtra
Source: CRAN
Version: 2.3
Hash: fa977bc1aab5588a08123b10ceb1ad3d
Requires: gtable

Package: gtable
Source: CRAN
Version: 0.2.0
Hash: cd78381a9d3fea966ac39bd0daaf5554

Package: haven
Source: github
Version: 1.1.2.9000
Hash: 27b970d94b488ce29582032b0ea5a043
Requires: Rcpp, forcats, hms, readr, tibble
GithubRepo: haven
GithubUsername: tidyverse
GithubRef: master
GithubSha1: 2ff3a7120a67f6779ec61f23e753ba671d81f86e
RemoteHost: https://api.github.com
RemoteRepo: haven
RemoteUsername: tidyverse
RemoteSha: 2ff3a7120a67f6779ec61f23e753ba671d81f86e

Package: highr
Source: CRAN
Version: 0.7
Hash: 20757f5c393ed0ecf96c9e8e6d8d514c

Package: hms
Source: CRAN
Version: 0.4.2
Hash: b4096a4f6a6736138e9a825c2baaacf0
Requires: pkgconfig, rlang

Package: htmlTable
Source: CRAN
Version: 1.12
Hash: 53573f51af4debc4c1ce7ae361d69777
Requires: checkmate, htmltools, htmlwidgets, knitr, magrittr,
    rstudioapi, stringr

Package: htmldeps
Source: github
Version: 0.1.1
Hash: 14f19541b94f18ee9f7e7ee32ecd225a
Requires: htmltools
GithubRepo: htmldeps
GithubUsername: rstudio
GithubRef: master
GithubSha1: c1023e09e2ec457dea0ba96e4c7711574be80591
RemoteHost: https://api.github.com
RemoteRepo: htmldeps
RemoteUsername: rstudio
RemoteSha: c1023e09e2ec457dea0ba96e4c7711574be80591

Package: htmltools
Source: CRAN
Version: 0.3.6
Hash: bd3273390b4c6499014589c2920f3152
Requires: Rcpp, digest

Package: htmlwidgets
Source: CRAN
Version: 1.2
Hash: de18b75f31630089b22e30d4b188cfbe
Requires: htmltools, jsonlite, yaml

Package: httr
Source: CRAN
Version: 1.3.1
Hash: 2d32e01e53d532c812052e27a1021441
Requires: R6, curl, jsonlite, mime, openssl

Package: inline
Source: CRAN
Version: 0.3.15
Hash: 8033115a3e00ec516e3fc97240b1649f

Package: jomo
Source: CRAN
Version: 2.6-2
Hash: a941d2fbaaf472956c1980080e2fe880
Requires: lme4

Package: jsonlite
Source: CRAN
Version: 1.5
Hash: 9c51936d8dd00b2f1d4fe9d10499694c

Package: km.ci
Source: CRAN
Version: 0.5-2
Hash: 5a2a402e8fd379fb7d087c8c638b0688

Package: knitr
Source: CRAN
Version: 1.20
Hash: 9c6b215d1d02b97586c8232e94533e6a
Requires: evaluate, highr, markdown, stringr, yaml

Package: labeling
Source: CRAN
Version: 0.3
Hash: ecf589b42cd284b03a4beb9665482d3e

Package: latticeExtra
Source: CRAN
Version: 0.6-28
Hash: efdf3a10a129129f7b8f4ae5a0d7ec3d
Requires: RColorBrewer

Package: lazyeval
Source: CRAN
Version: 0.2.1
Hash: 88926ad9c43581fd0822a37c8ed09f05

Package: lme4
Source: CRAN
Version: 1.1-18-1
Hash: 4fd32b4942949fef4b81b7637c5ef9d5
Requires: Rcpp, RcppEigen, minqa, nloptr

Package: magrittr
Source: CRAN
Version: 1.5
Hash: bdc4d48c3135e8f3b399536ddf160df4

Package: markdown
Source: CRAN
Version: 0.8
Hash: 045d7c594d503b41f1c28946d076c8aa
Requires: mime

Package: maxstat
Source: CRAN
Version: 0.7-25
Hash: 57f05acb48848b99afcadf8b18f9ce31
Requires: exactRankTests, mvtnorm

Package: mice
Source: CRAN
Version: 3.3.0
Hash: 3e76694589887134d6825e70abee12e1
Requires: Rcpp, broom, dplyr, mitml, rlang

Package: mime
Source: CRAN
Version: 0.5
Hash: 463550cf44fb6f0a2359368f42eebe62

Package: minqa
Source: CRAN
Version: 1.2.4
Hash: eea0895ebec1ac95b7410b525cc2ed08
Requires: Rcpp

Package: mitml
Source: CRAN
Version: 0.3-6
Hash: 3c0f311732a5464daafbe5875a714a49
Requires: haven, jomo, pan

Package: munsell
Source: CRAN
Version: 0.5.0
Hash: 247d1c1d72f3072563912ef860758624
Requires: colorspace

Package: mvtnorm
Source: CRAN
Version: 1.0-8
Hash: 09985635b09071a1d81d6811b92846ea

Package: nloptr
Source: CRAN
Version: 1.0.4
Hash: 8053df240a4635aeb54fc68c6de67709

Package: openssl
Source: CRAN
Version: 1.0.1
Hash: e04b8ed7b05c1f75aa81c65a086b1d0c

Package: pROC
Source: CRAN
Version: 1.13.0
Hash: 2910dcc00e9959c93982e61e3f89b30a
Requires: Rcpp, ggplot2, plyr

Package: packrat
Source: CRAN
Version: 0.4.9-3
Hash: 03fb817297975f1da0d1b774b47620b3

Package: pan
Source: CRAN
Version: 1.6
Hash: 7f3100dc1e9ee36561dcd376a096df81

Package: pillar
Source: CRAN
Version: 1.2.3
Hash: d3b1c0a6cf4b64212509130845c22e09
Requires: cli, crayon, rlang, utf8

Package: pkgconfig
Source: CRAN
Version: 2.0.1
Hash: 0dda4a2654a22b36a715c2b0b6fbacac

Package: plogr
Source: CRAN
Version: 0.2.0
Hash: 81a8008a5e7858552503935f1abe48aa

Package: plyr
Source: CRAN
Version: 1.8.4
Hash: d1f100e0dbbf8d3f55aa701b07c62e35
Requires: Rcpp

Package: praise
Source: CRAN
Version: 1.0.0
Hash: 77da8f1df873a4b91e5c4a68fe2fb1b6

Package: prettyunits
Source: CRAN
Version: 1.0.2
Hash: 49286102a855640daaa38eafe8b1ec30
Requires: assertthat, magrittr

Package: progress
Source: CRAN
Version: 1.2.0
Hash: 0ff5f631b66daf57857f28062f3e6f30
Requires: R6, crayon, hms, prettyunits

Package: purrr
Source: CRAN
Version: 0.2.5
Hash: 8b0c16db10c7e20b70cd37779a673a8b
Requires: magrittr, rlang, tibble

Package: readr
Source: CRAN
Version: 1.1.1
Hash: 427f34296c2da0f1d24be2e9890f6964
Requires: BH, R6, Rcpp, hms, tibble

Package: reshape
Source: CRAN
Version: 0.8.7
Hash: f026a2928c05063a8d0b2e29a129f9a0
Requires: plyr

Package: reshape2
Source: CRAN
Version: 1.4.3
Hash: f50582f9059ab381cd38dd02697d8a88
Requires: Rcpp, plyr, stringr

Package: rex
Source: CRAN
Version: 1.1.2
Hash: 57541aaae58f1a284a398f5c62c95097
Requires: lazyeval, magrittr

Package: rlang
Source: CRAN
Version: 0.2.1
Hash: 2b163b981be3d6daaac1ad505dd0bf30

Package: rmarkdown
Source: github
Version: 1.10.13
Hash: 92390c3b532e7b744bc692e97b42aa1c
Requires: base64enc, evaluate, htmldeps, htmltools, jsonlite, knitr,
    mime, stringr, tinytex, yaml
GithubRepo: rmarkdown
GithubUsername: rstudio
GithubRef: master
GithubSha1: df4ec915a67608bf287f2633bb5eebb26d86c2d0
RemoteHost: https://api.github.com
RemoteRepo: rmarkdown
RemoteUsername: rstudio
RemoteSha: df4ec915a67608bf287f2633bb5eebb26d86c2d0

Package: rstan
Source: CRAN
Version: 2.17.3
Hash: f2adc7e4d52beb1881a216971ca5db7a
Requires: BH, Rcpp, RcppEigen, StanHeaders, ggplot2, gridExtra, inline

Package: rstudioapi
Source: CRAN
Version: 0.7
Hash: e2ebaff8160aff3e6b32e6e78a693c2d

Package: scales
Source: CRAN
Version: 1.0.0
Hash: dd78d3c916916877f6d319b27534795e
Requires: R6, RColorBrewer, Rcpp, labeling, munsell, viridisLite

Package: stringi
Source: CRAN
Version: 1.2.3
Hash: bccbb90bf5e1c53f659359c06c0dde79

Package: stringr
Source: CRAN
Version: 1.3.1
Hash: 9f417a1d899ed1f080942ab36998e8b5
Requires: glue, magrittr, stringi

Package: survMisc
Source: CRAN
Version: 0.5.5
Hash: 98fb8ea6e0b7f3de10d09c0add6f70dd
Requires: KMsurv, data.table, ggplot2, gridExtra, km.ci, knitr, xtable,
    zoo

Package: survival
Source: CRAN
Version: 2.42-4
Hash: 43cdf7683e1030b4976b964d5b22ab47

Package: survminer
Source: CRAN
Version: 0.4.3
Hash: 49bd48d6a37b1599a82a56d3f6434b6c
Requires: broom, cmprsk, dplyr, ggplot2, ggpubr, gridExtra, magrittr,
    maxstat, purrr, scales, survMisc, tibble, tidyr

Package: testthat
Source: CRAN
Version: 2.0.0
Hash: 537114b476376c5773bf3c557f5bbd19
Requires: R6, cli, crayon, digest, magrittr, praise, rlang, withr

Package: tibble
Source: CRAN
Version: 1.4.2
Hash: 83895360ce4f8d2ce92eee00526b5b0b
Requires: cli, crayon, pillar, rlang

Package: tidyr
Source: CRAN
Version: 0.8.1
Hash: 3b67391a922e482f233a29ad48e7ed0f
Requires: Rcpp, dplyr, glue, magrittr, purrr, rlang, stringi, tibble,
    tidyselect

Package: tidyselect
Source: CRAN
Version: 0.2.4
Hash: 740eee0076ff08393a3f2df26e7566ab
Requires: Rcpp, glue, purrr, rlang

Package: tinytex
Source: CRAN
Version: 0.8
Hash: bf76759350cd2bfec401d8861a61ad66
Requires: xfun

Package: utf8
Source: CRAN
Version: 1.1.4
Hash: f3f97ce59092abc8ed3fd098a59e236c

Package: viridis
Source: CRAN
Version: 0.5.1
Hash: 39edaec2078b4fc928afb73cc1ce6625
Requires: ggplot2, gridExtra, viridisLite

Package: viridisLite
Source: CRAN
Version: 0.3.0
Hash: 78bb072c4f9e729a283d4c40ec93f9c6

Package: withr
Source: CRAN
Version: 2.1.2
Hash: d534108bcd5f34ec73e9eb523751ba20

Package: xfun
Source: CRAN
Version: 0.3
Hash: 3b1cb5fdcfb96c88e3f9ab0239fbd048

Package: xtable
Source: CRAN
Version: 1.8-2
Hash: 7293235cfcc14cdff1ce7fd1a0212031

Package: yaml
Source: CRAN
Version: 2.2.0
Hash: a5ad5616d83d89f8d84cbf3cf4034e13

Package: zoo
Source: CRAN
Version: 1.8-2
Hash: b77d408fd89e2866df97f02bb4b3aa4f
