PackratFormat: 1.4
PackratVersion: 0.4.9.14
RVersion: 3.4.4
Repos: CRAN=https://cloud.r-project.org

Package: BH
Source: CRAN
Version: 1.69.0-1
Hash: 15f597ed227897f4f793b6161260f4b9

Package: Formula
Source: CRAN
Version: 1.2-3
Hash: 9772da3bc51603a19a2b75f008fd63e3

Package: GGally
Source: CRAN
Version: 1.4.0
Hash: ddfba619da7507c82edd1ad963c8dc3f
Requires: RColorBrewer, ggplot2, gtable, plyr, progress, reshape, rlang

Package: Hmisc
Source: CRAN
Version: 4.2-0
Hash: 785fae3e102162232f1c8934b9f7725b
Requires: Formula, acepack, base64enc, data.table, ggplot2, gridExtra,
    gtable, htmlTable, htmltools, latticeExtra, viridis

Package: KMsurv
Source: CRAN
Version: 0.1-5
Hash: 7f4400e5d72c2fc9adc154f7635c59d0

Package: R6
Source: CRAN
Version: 2.4.0
Hash: 948a547c484e5bea15eee76cc53cce3f

Package: RColorBrewer
Source: CRAN
Version: 1.1-2
Hash: c0d56cd15034f395874c870141870c25

Package: Rcpp
Source: CRAN
Version: 1.0.1
Hash: 390ed5b5da840cec3e6f5c90c6ab23f7

Package: RcppEigen
Source: CRAN
Version: 0.3.3.5.0
Hash: 0abe558c252854b26620fe1b5e884ece
Requires: Rcpp

Package: StanHeaders
Source: CRAN
Version: 2.18.1
Hash: afcb13050730494361d8403c8f27e001

Package: acepack
Source: CRAN
Version: 1.4.1
Hash: 5ed3b04bc1fa1a934188fc6022d3ba7c

Package: askpass
Source: CRAN
Version: 1.1
Hash: 6f6c430e3cd0dd7d48f447700f4d7e7f
Requires: sys

Package: assertthat
Source: CRAN
Version: 0.2.1
Hash: 622be49032fe50bd42e96aaef613e209

Package: backports
Source: CRAN
Version: 1.1.4
Hash: e88df919a68845e664e019570e2251b6

Package: base64enc
Source: CRAN
Version: 0.1-3
Hash: c590d29e555926af053055e23ee79efb

Package: boot
Source: CRAN
Version: 1.3-20
Hash: 1d661b615b3f5c3f7d0ea02fcf658c02

Package: broom
Source: CRAN
Version: 0.5.2
Hash: 2c1abd749c826a39101a156ed0afc9be
Requires: backports, dplyr, generics, purrr, reshape2, stringr, tibble,
    tidyr

Package: callr
Source: CRAN
Version: 2.0.4
Hash: ae3d74ab94396fc7f6b879f17fb71a12
Requires: R6, processx

Package: checkmate
Source: CRAN
Version: 1.9.1
Hash: 186aeac71d17a663047ece5d7ab3154f
Requires: backports

Package: cli
Source: CRAN
Version: 1.1.0
Hash: bc4e54014c2049f2605ad0c3ba0cce6b
Requires: assertthat, crayon

Package: clipr
Source: CRAN
Version: 0.5.0
Hash: 9d588163f9234a17c6ad03d148db999d

Package: cmprsk
Source: CRAN
Version: 2.2-7
Hash: cb2565634a63b1c86a575b3ba67f3916

Package: colorspace
Source: CRAN
Version: 1.3-2
Hash: 0bf8618b585fa98eb23414cd3ab95118

Package: covr
Source: CRAN
Version: 3.2.1
Hash: b1dab7f44fae6114c222cee94d6acd63
Requires: crayon, digest, httr, jsonlite, rex, withr

Package: cowplot
Source: CRAN
Version: 0.9.4
Hash: 61e0434ac47a761fdfa4614e5bd53fb8
Requires: ggplot2, gtable, plyr, scales

Package: crayon
Source: CRAN
Version: 1.3.4
Hash: ff2840dd9b0d563fc80377a5a45510cd

Package: curl
Source: CRAN
Version: 3.3
Hash: b201f64e6e1469e8a3571c746ffa9059

Package: data.table
Source: CRAN
Version: 1.12.0
Hash: d382bb97e2d9dd05ad8070e41513dcb1

Package: desc
Source: CRAN
Version: 1.2.0
Hash: a0a3ca939997679a52816bae4ed6aaae
Requires: R6, assertthat, crayon, rprojroot

Package: digest
Source: CRAN
Version: 0.6.19
Hash: 99a5cdd9144b03b7a2ddbbef862fb07f

Package: dplyr
Source: CRAN
Version: 0.8.1
Hash: f092b978f36cc14b36ef9a1807a93cf8
Requires: BH, R6, Rcpp, assertthat, glue, magrittr, pkgconfig, plogr,
    rlang, tibble, tidyselect

Package: ellipsis
Source: github
Version: 0.1.0.9000
Hash: 9148a46c918e0588c4f3e17a4ed4bd00
Requires: rlang
GithubRepo: ellipsis
GithubUsername: r-lib
GithubRef: master
GithubSha1: d8bf8a34eb3be04a52169bc69759ebccc7f247e2
RemoteHost: https://api.github.com
RemoteRepo: ellipsis
RemoteUsername: r-lib
RemoteRef: master
RemoteSha: d8bf8a34eb3be04a52169bc69759ebccc7f247e2

Package: evaluate
Source: CRAN
Version: 0.13
Hash: 1853557a0ea0db2daebf597c7ce58d70

Package: exactRankTests
Source: CRAN
Version: 0.8-29
Hash: 61121a0dd853dab44f66f4c4bba68a7c

Package: fansi
Source: CRAN
Version: 0.4.0
Hash: f147621f72b561485bfffcae78c4f5d5

Package: forcats
Source: CRAN
Version: 0.4.0
Hash: 3999d0f4538fe92c7af47b82f3e461b8
Requires: ellipsis, magrittr, rlang, tibble

Package: generics
Source: github
Version: 0.0.2
Hash: 2e6988a1df9bb0fc73d79298fd8a5e7e
GithubRepo: generics
GithubUsername: r-lib
GithubRef: master
GithubSha1: c15ac433450078b581cdfa5d9a3c10797f3a3fd5
RemoteHost: https://api.github.com
RemoteRepo: generics
RemoteUsername: r-lib
RemoteRef: master
RemoteSha: c15ac433450078b581cdfa5d9a3c10797f3a3fd5

Package: ggplot2
Source: github
Version: 3.1.1.9000
Hash: 3494f98fbeff2d6d866539f598469e98
Requires: digest, gtable, lazyeval, reshape2, rlang, scales, tibble,
    viridisLite, withr
GithubRepo: ggplot2
GithubUsername: tidyverse
GithubRef: master
GithubSha1: 1f6f0cb4462aa9e3b5f51dc7fd594073e78351da
RemoteHost: https://api.github.com
RemoteRepo: ggplot2
RemoteUsername: tidyverse
RemoteRef: master
RemoteSha: 1f6f0cb4462aa9e3b5f51dc7fd594073e78351da

Package: ggpubr
Source: CRAN
Version: 0.2
Hash: 4ef1d8f1726ecb694a0ee830f11dd92b
Requires: cowplot, dplyr, ggplot2, ggrepel, ggsci, ggsignif, glue,
    gridExtra, magrittr, polynom, purrr, scales, tidyr

Package: ggrepel
Source: CRAN
Version: 0.8.1
Hash: b6ed8e5dde37a8b11a48d43834ed485f
Requires: Rcpp, ggplot2, scales

Package: ggsci
Source: CRAN
Version: 2.9
Hash: d8f7c2bc9631710ee2008fa5b5ff2c80
Requires: ggplot2, scales

Package: ggsignif
Source: CRAN
Version: 0.5.0
Hash: d717fa1e1c3ded9bd73baec4d7eeeeee
Requires: ggplot2

Package: glue
Source: CRAN
Version: 1.3.1
Hash: 660bbbe3803c7cf7c9489a7d99a9c0ed

Package: gridExtra
Source: CRAN
Version: 2.3
Hash: fa977bc1aab5588a08123b10ceb1ad3d
Requires: gtable

Package: gtable
Source: CRAN
Version: 0.3.0
Hash: a9e7b0666eb933a0cb36779240b4462e

Package: haven
Source: github
Version: 1.1.2.9000
Hash: 3e0e2cf55428a13ce2b1439cedad6ff4
Requires: Rcpp, forcats, hms, readr, tibble
GithubRepo: haven
GithubUsername: tidyverse
GithubRef: master
GithubSha1: 2ff3a7120a67f6779ec61f23e753ba671d81f86e
RemoteHost: https://api.github.com
RemoteRepo: haven
RemoteUsername: tidyverse
RemoteRef: master
RemoteSha: 2ff3a7120a67f6779ec61f23e753ba671d81f86e

Package: highr
Source: CRAN
Version: 0.8
Hash: 16aa2cc98d7b68c9d148c263c8dcdbcd

Package: hms
Source: CRAN
Version: 0.4.2
Hash: b4096a4f6a6736138e9a825c2baaacf0
Requires: pkgconfig, rlang

Package: htmlTable
Source: CRAN
Version: 1.13.1
Hash: 07cae3d810dfd567a6004c78e6c638cb
Requires: checkmate, htmltools, htmlwidgets, knitr, magrittr,
    rstudioapi, stringr

Package: htmltools
Source: CRAN
Version: 0.3.6
Hash: ef5869fcbca46a9551ce5b78954a6c2e
Requires: Rcpp, digest

Package: htmlwidgets
Source: CRAN
Version: 1.3
Hash: 17a2248b5e40383a1cb1a4e4cb5f9c7a
Requires: htmltools, jsonlite, yaml

Package: httr
Source: CRAN
Version: 1.4.0
Hash: 62d62d3ffcc9a34411b6e35a813f72dd
Requires: R6, curl, jsonlite, mime, openssl

Package: inline
Source: CRAN
Version: 0.3.15
Hash: 8033115a3e00ec516e3fc97240b1649f

Package: jomo
Source: CRAN
Version: 2.6-7
Hash: 6316d389d131f9a35da4cab17267d717
Requires: lme4, ordinal

Package: jsonlite
Source: CRAN
Version: 1.6
Hash: 5f969e213e966135393e3e304abf3f49

Package: km.ci
Source: CRAN
Version: 0.5-2
Hash: 5a2a402e8fd379fb7d087c8c638b0688

Package: knitr
Source: CRAN
Version: 1.22
Hash: d7581079d36fa69f84ff721384355734
Requires: evaluate, highr, markdown, stringr, xfun, yaml

Package: labeling
Source: CRAN
Version: 0.3
Hash: ecf589b42cd284b03a4beb9665482d3e

Package: latticeExtra
Source: CRAN
Version: 0.6-28
Hash: efdf3a10a129129f7b8f4ae5a0d7ec3d
Requires: RColorBrewer

Package: lazyeval
Source: CRAN
Version: 0.2.2
Hash: 563563691bea3cde6945a98996d7c166

Package: lme4
Source: CRAN
Version: 1.1-21
Hash: e8951a6393bc19cd027ce47152bf41cf
Requires: Rcpp, RcppEigen, minqa, nloptr

Package: loo
Source: CRAN
Version: 2.0.0
Hash: 66aa733a1e23e613cece0da1708dfc82
Requires: matrixStats

Package: magrittr
Source: CRAN
Version: 1.5
Hash: bdc4d48c3135e8f3b399536ddf160df4

Package: markdown
Source: CRAN
Version: 0.9
Hash: 730f688930cef3223d59bd8aef679ab9
Requires: mime

Package: matrixStats
Source: CRAN
Version: 0.53.1
Hash: a61f2923f4fedae23025ef27645674bc

Package: maxstat
Source: CRAN
Version: 0.7-25
Hash: 57f05acb48848b99afcadf8b18f9ce31
Requires: exactRankTests, mvtnorm

Package: mice
Source: CRAN
Version: 3.5.0
Hash: d6e9e621fc0d88ff4bb5a3197a21ebae
Requires: Rcpp, broom, dplyr, mitml, rlang

Package: mime
Source: CRAN
Version: 0.6
Hash: 2ed8f98b8284ad733f3907fc6e2f1334

Package: minqa
Source: CRAN
Version: 1.2.4
Hash: c9365827edc36888b515b7a7d04bc2ee
Requires: Rcpp

Package: mitml
Source: CRAN
Version: 0.3-7
Hash: 725e19d78b2f3fe84cf6b8a75ecd2acb
Requires: haven, jomo, pan

Package: munsell
Source: CRAN
Version: 0.5.0
Hash: 38d0efee9bb99bef143bde41c4ce715c
Requires: colorspace

Package: mvtnorm
Source: CRAN
Version: 1.0-8
Hash: e25c3a05f11c359f1ce641cdc4b28d92

Package: nloptr
Source: CRAN
Version: 1.2.1
Hash: c2b0475b9a177d3331957e366a7059a0

Package: numDeriv
Source: CRAN
Version: 2016.8-1
Hash: 3a9d0fc99ba2f6aaa500b3d584962be2

Package: openssl
Source: CRAN
Version: 1.3
Hash: 7235e0ada86fbb386b7e2e3046cda46e
Requires: askpass

Package: ordinal
Source: CRAN
Version: 2019.3-9
Hash: 8b96783fb8812074c4419db64407b61b
Requires: numDeriv, ucminf

Package: pROC
Source: CRAN
Version: 1.14.0
Hash: 343793f860282aa66536696c3341ba81
Requires: Rcpp, plyr

Package: packrat
Source: github
Version: 0.4.9-14
Hash: e50d183ca5a41b66af277a2ac2752ab9
GithubRepo: packrat
GithubUsername: rstudio
GithubRef: master
GithubSha1: 8c7d1627e399df1d4bba7515af11c8a7040fd092
RemoteHost: https://api.github.com
RemoteRepo: packrat
RemoteUsername: rstudio
RemoteRef: master
RemoteSha: 8c7d1627e399df1d4bba7515af11c8a7040fd092

Package: pan
Source: CRAN
Version: 1.6
Hash: 7f3100dc1e9ee36561dcd376a096df81

Package: pillar
Source: CRAN
Version: 1.4.0
Hash: 1bca62875e57d03cd7b8d15bd1613fc9
Requires: cli, crayon, fansi, rlang, utf8, vctrs

Package: pkgbuild
Source: CRAN
Version: 1.0.0
Hash: 1b002effec7ce73de0626214e0a3694f
Requires: R6, callr, crayon, desc, rprojroot, withr

Package: pkgconfig
Source: CRAN
Version: 2.0.2
Hash: b0fd6ed908e150b77e5f00c6478bd58c

Package: plogr
Source: CRAN
Version: 0.2.0
Hash: 81a8008a5e7858552503935f1abe48aa

Package: plyr
Source: CRAN
Version: 1.8.4
Hash: 0ff259c7e21ac20a124869520e209d9f
Requires: Rcpp

Package: polynom
Source: CRAN
Version: 1.4-0
Hash: 4d98429f2c0567c6860e965f03be322f

Package: praise
Source: CRAN
Version: 1.0.0
Hash: 77da8f1df873a4b91e5c4a68fe2fb1b6

Package: prettyunits
Source: CRAN
Version: 1.0.2
Hash: 49286102a855640daaa38eafe8b1ec30
Requires: assertthat, magrittr

Package: processx
Source: CRAN
Version: 3.2.0
Hash: 906405f0bc681c9438826952417d5d5a
Requires: R6, assertthat, crayon, ps

Package: progress
Source: CRAN
Version: 1.2.0
Hash: 0ff5f631b66daf57857f28062f3e6f30
Requires: R6, crayon, hms, prettyunits

Package: ps
Source: CRAN
Version: 1.2.1
Hash: b097c81e3297cd69b82aed831e3d6976

Package: purrr
Source: CRAN
Version: 0.3.2
Hash: d7bb7f62bb3af2d6510f50cb7190a060
Requires: magrittr, rlang

Package: readr
Source: CRAN
Version: 1.3.1
Hash: a50c0fdc47816ab982876293aa36e794
Requires: BH, R6, Rcpp, clipr, crayon, hms, tibble

Package: reshape
Source: CRAN
Version: 0.8.7
Hash: f026a2928c05063a8d0b2e29a129f9a0
Requires: plyr

Package: reshape2
Source: CRAN
Version: 1.4.3
Hash: 1331df4206d0207838eff5d4324f5919
Requires: Rcpp, plyr, stringr

Package: rex
Source: CRAN
Version: 1.1.2
Hash: 57541aaae58f1a284a398f5c62c95097
Requires: lazyeval, magrittr

Package: rlang
Source: github
Version: 0.3.4.9003
Hash: a350370e79f0ab5180709ca93d52113c
GithubRepo: rlang
GithubUsername: r-lib
GithubRef: master
GithubSha1: 6a232c019b21a566d994f104ebcb76e83d730076
RemoteHost: https://api.github.com
RemoteRepo: rlang
RemoteUsername: r-lib
RemoteRef: master
RemoteSha: 6a232c019b21a566d994f104ebcb76e83d730076

Package: rmarkdown
Source: github
Version: 1.12.4
Hash: 9b198061410c355fc24c1f9042c487ad
Requires: base64enc, evaluate, htmltools, jsonlite, knitr, mime,
    stringr, tinytex, xfun, yaml
GithubRepo: rmarkdown
GithubUsername: rstudio
GithubRef: master
GithubSha1: 53ff6f2ae282944e70a61ee6c12e806169e5de7a
RemoteHost: https://api.github.com
RemoteRepo: rmarkdown
RemoteUsername: rstudio
RemoteRef: master
RemoteSha: 53ff6f2ae282944e70a61ee6c12e806169e5de7a

Package: rprojroot
Source: CRAN
Version: 1.3-2
Hash: a25c3f70c166fb3fbabc410eb32b6366
Requires: backports

Package: rstan
Source: CRAN
Version: 2.18.2
Hash: a1663f69a5d82a14ae73610374a5a3d9
Requires: BH, Rcpp, RcppEigen, StanHeaders, ggplot2, gridExtra, inline,
    loo, pkgbuild

Package: rstudioapi
Source: CRAN
Version: 0.9.0
Hash: e5e648a0944df6ea634d8173d09e236f

Package: scales
Source: CRAN
Version: 1.0.0
Hash: f1b117e6daa2bdfa11cc671133d8bdd4
Requires: R6, RColorBrewer, Rcpp, labeling, munsell, viridisLite

Package: stringi
Source: CRAN
Version: 1.4.3
Hash: ed2a82fc7cc668c1345223d938cdfaf2

Package: stringr
Source: CRAN
Version: 1.4.0
Hash: 67da32dbb2a7a16f2ef124336358e54a
Requires: glue, magrittr, stringi

Package: survMisc
Source: CRAN
Version: 0.5.5
Hash: 98fb8ea6e0b7f3de10d09c0add6f70dd
Requires: KMsurv, data.table, ggplot2, gridExtra, km.ci, knitr, xtable,
    zoo

Package: survey
Source: CRAN
Version: 3.35
Hash: 32a247fd8d70c391a39d8b1c32b8ba54
Requires: minqa, numDeriv

Package: survival
Source: CRAN
Version: 2.42-4
Hash: 43cdf7683e1030b4976b964d5b22ab47

Package: survminer
Source: CRAN
Version: 0.4.4
Hash: 6c02950bddf904d38b6d3771b9fb305b
Requires: broom, cmprsk, dplyr, ggplot2, ggpubr, gridExtra, magrittr,
    maxstat, purrr, scales, survMisc, tibble, tidyr

Package: sys
Source: CRAN
Version: 2.1
Hash: 5ce312d2f816b21f602cb81fe4659a0b

Package: testthat
Source: CRAN
Version: 2.0.1
Hash: 777eb6e94f5a62bf6320fecf0175bbbb
Requires: R6, cli, crayon, digest, magrittr, praise, rlang, withr

Package: tibble
Source: CRAN
Version: 2.1.1
Hash: e9d844f966bd4d40556b50c3b2239646
Requires: cli, crayon, fansi, pillar, pkgconfig, rlang

Package: tidyr
Source: CRAN
Version: 0.8.3
Hash: abb47affef711a0d4965f25cfdeb4df0
Requires: Rcpp, dplyr, glue, magrittr, purrr, rlang, stringi, tibble,
    tidyselect

Package: tidyselect
Source: CRAN
Version: 0.2.5
Hash: ce32c88efe672d565819caa17238b04c
Requires: Rcpp, glue, purrr, rlang

Package: tinytex
Source: CRAN
Version: 0.11
Hash: bcda6d10711135ce9ec0243bd2fb9d6c
Requires: xfun

Package: ucminf
Source: CRAN
Version: 1.1-4
Hash: 93143d845c6b1969cf0ea8fcac5c9119

Package: utf8
Source: CRAN
Version: 1.1.4
Hash: f3f97ce59092abc8ed3fd098a59e236c

Package: vctrs
Source: github
Version: 0.1.0.9003
Hash: fc5ba4bc7813075f00548261a288ee07
Requires: backports, digest, ellipsis, glue, rlang, zeallot
GithubRepo: vctrs
GithubUsername: r-lib
GithubRef: master
GithubSha1: fc59e716bb5ef5a6ed2c6614dbf8c1741e392dca
RemoteHost: https://api.github.com
RemoteRepo: vctrs
RemoteUsername: r-lib
RemoteRef: master
RemoteSha: fc59e716bb5ef5a6ed2c6614dbf8c1741e392dca

Package: viridis
Source: CRAN
Version: 0.5.1
Hash: 39edaec2078b4fc928afb73cc1ce6625
Requires: ggplot2, gridExtra, viridisLite

Package: viridisLite
Source: CRAN
Version: 0.3.0
Hash: 78bb072c4f9e729a283d4c40ec93f9c6

Package: withr
Source: CRAN
Version: 2.1.2
Hash: d534108bcd5f34ec73e9eb523751ba20

Package: xfun
Source: CRAN
Version: 0.6
Hash: 73da552325e6d8a92cf3f85a1463f6ff

Package: xtable
Source: CRAN
Version: 1.8-3
Hash: 91199102994584c5f0e8cbba5582ecc4

Package: yaml
Source: CRAN
Version: 2.2.0
Hash: a5ad5616d83d89f8d84cbf3cf4034e13

Package: zeallot
Source: CRAN
Version: 0.1.0
Hash: 10b2ed48e202b4db421ae864041dc4b2

Package: zoo
Source: CRAN
Version: 1.8-2
Hash: cc7dd771ff658604443bb4987cff8b1c
